
Microsoft Visual Studio Solution File, Format Version 12.00
# Visual Studio Version 17
VisualStudioVersion = 17.0.31912.275
MinimumVisualStudioVersion = 10.0.40219.1
Project("{9A19103F-16F7-4668-BE54-9A1E7A4F7556}") = "EFISCO", "EFISCO.csproj", "{996B27F3-826B-48C0-B7A0-9AA0B0412052}"
EndProject
Project("{9A19103F-16F7-4668-BE54-9A1E7A4F7556}") = "ContextBinds", "..\ContextBinds\ContextBinds.csproj", "{8ECE51BD-3A48-47E6-951C-894946935D7D}"
EndProject
Project("{9A19103F-16F7-4668-BE54-9A1E7A4F7556}") = "Models", "..\Models\Models.csproj", "{3373C719-031C-481E-B429-ED693D07C14C}"
EndProject
Project("{9A19103F-16F7-4668-BE54-9A1E7A4F7556}") = "DAL", "..\DAL\DAL.csproj", "{42AAF2F1-C903-4DC6-B468-079FB9B91A7A}"
EndProject
Project("{9A19103F-16F7-4668-BE54-9A1E7A4F7556}") = "BLL", "..\BLL\BLL.csproj", "{A4BD0DBE-D383-4C4F-B49E-C2B3450C7593}"
EndProject
Project("{9A19103F-16F7-4668-BE54-9A1E7A4F7556}") = "CrossCuting", "..\CrossCuting\CrossCuting.csproj", "{D6C8C0B1-687D-48DA-9B94-77E4D084E683}"
EndProject
Project("{2150E333-8FDC-42A3-9474-1A3956D46DE8}") = "App", "App", "{343631BD-2D47-4272-8171-C2671BEA6D12}"
EndProject
Project("{9A19103F-16F7-4668-BE54-9A1E7A4F7556}") = "EFISCO.Email.Teste", "..\EFISCO.Email.Teste\EFISCO.Email.Teste.csproj", "{00589765-C589-4D95-8C63-4960837C3FDD}"
EndProject
Project("{2150E333-8FDC-42A3-9474-1A3956D46DE8}") = "App.Teste", "App.Teste", "{1ED75B8D-58CE-4AC9-8F5E-E17A5042E56F}"
EndProject
Project("{2150E333-8FDC-42A3-9474-1A3956D46DE8}") = "Dependencias", "Dependencias", "{7BFA5B6A-003B-4381-BE28-1E93FC187C29}"
EndProject
Global
	GlobalSection(SolutionConfigurationPlatforms) = preSolution
		Debug|Any CPU = Debug|Any CPU
		Release|Any CPU = Release|Any CPU
	EndGlobalSection
	GlobalSection(ProjectConfigurationPlatforms) = postSolution
		{996B27F3-826B-48C0-B7A0-9AA0B0412052}.Debug|Any CPU.ActiveCfg = Debug|Any CPU
		{996B27F3-826B-48C0-B7A0-9AA0B0412052}.Debug|Any CPU.Build.0 = Debug|Any CPU
		{996B27F3-826B-48C0-B7A0-9AA0B0412052}.Release|Any CPU.ActiveCfg = Release|Any CPU
		{996B27F3-826B-48C0-B7A0-9AA0B0412052}.Release|Any CPU.Build.0 = Release|Any CPU
		{8ECE51BD-3A48-47E6-951C-894946935D7D}.Debug|Any CPU.ActiveCfg = Debug|Any CPU
		{8ECE51BD-3A48-47E6-951C-894946935D7D}.Debug|Any CPU.Build.0 = Debug|Any CPU
		{8ECE51BD-3A48-47E6-951C-894946935D7D}.Release|Any CPU.ActiveCfg = Release|Any CPU
		{8ECE51BD-3A48-47E6-951C-894946935D7D}.Release|Any CPU.Build.0 = Release|Any CPU
		{3373C719-031C-481E-B429-ED693D07C14C}.Debug|Any CPU.ActiveCfg = Debug|Any CPU
		{3373C719-031C-481E-B429-ED693D07C14C}.Debug|Any CPU.Build.0 = Debug|Any CPU
		{3373C719-031C-481E-B429-ED693D07C14C}.Release|Any CPU.ActiveCfg = Release|Any CPU
		{3373C719-031C-481E-B429-ED693D07C14C}.Release|Any CPU.Build.0 = Release|Any CPU
		{42AAF2F1-C903-4DC6-B468-079FB9B91A7A}.Debug|Any CPU.ActiveCfg = Debug|Any CPU
		{42AAF2F1-C903-4DC6-B468-079FB9B91A7A}.Debug|Any CPU.Build.0 = Debug|Any CPU
		{42AAF2F1-C903-4DC6-B468-079FB9B91A7A}.Release|Any CPU.ActiveCfg = Release|Any CPU
		{42AAF2F1-C903-4DC6-B468-079FB9B91A7A}.Release|Any CPU.Build.0 = Release|Any CPU
		{A4BD0DBE-D383-4C4F-B49E-C2B3450C7593}.Debug|Any CPU.ActiveCfg = Debug|Any CPU
		{A4BD0DBE-D383-4C4F-B49E-C2B3450C7593}.Debug|Any CPU.Build.0 = Debug|Any CPU
		{A4BD0DBE-D383-4C4F-B49E-C2B3450C7593}.Release|Any CPU.ActiveCfg = Release|Any CPU
		{A4BD0DBE-D383-4C4F-B49E-C2B3450C7593}.Release|Any CPU.Build.0 = Release|Any CPU
		{D6C8C0B1-687D-48DA-9B94-77E4D084E683}.Debug|Any CPU.ActiveCfg = Debug|Any CPU
		{D6C8C0B1-687D-48DA-9B94-77E4D084E683}.Debug|Any CPU.Build.0 = Debug|Any CPU
		{D6C8C0B1-687D-48DA-9B94-77E4D084E683}.Release|Any CPU.ActiveCfg = Release|Any CPU
		{D6C8C0B1-687D-48DA-9B94-77E4D084E683}.Release|Any CPU.Build.0 = Release|Any CPU
		{00589765-C589-4D95-8C63-4960837C3FDD}.Debug|Any CPU.ActiveCfg = Debug|Any CPU
		{00589765-C589-4D95-8C63-4960837C3FDD}.Debug|Any CPU.Build.0 = Debug|Any CPU
		{00589765-C589-4D95-8C63-4960837C3FDD}.Release|Any CPU.ActiveCfg = Release|Any CPU
		{00589765-C589-4D95-8C63-4960837C3FDD}.Release|Any CPU.Build.0 = Release|Any CPU
	EndGlobalSection
	GlobalSection(SolutionProperties) = preSolution
		HideSolutionNode = FALSE
	EndGlobalSection
	GlobalSection(NestedProjects) = preSolution
		{996B27F3-826B-48C0-B7A0-9AA0B0412052} = {343631BD-2D47-4272-8171-C2671BEA6D12}
		{8ECE51BD-3A48-47E6-951C-894946935D7D} = {7BFA5B6A-003B-4381-BE28-1E93FC187C29}
		{3373C719-031C-481E-B429-ED693D07C14C} = {7BFA5B6A-003B-4381-BE28-1E93FC187C29}
		{42AAF2F1-C903-4DC6-B468-079FB9B91A7A} = {7BFA5B6A-003B-4381-BE28-1E93FC187C29}
		{A4BD0DBE-D383-4C4F-B49E-C2B3450C7593} = {7BFA5B6A-003B-4381-BE28-1E93FC187C29}
		{D6C8C0B1-687D-48DA-9B94-77E4D084E683} = {7BFA5B6A-003B-4381-BE28-1E93FC187C29}
		{00589765-C589-4D95-8C63-4960837C3FDD} = {1ED75B8D-58CE-4AC9-8F5E-E17A5042E56F}
	EndGlobalSection
	GlobalSection(ExtensibilityGlobals) = postSolution
		SolutionGuid = {500E1CE8-09AF-44BE-BADC-93E6E276DD29}
	EndGlobalSection
EndGlobal
